// !$*UTF8*$!
{
	archiveVersion = 1;
	classes = {
	};
	objectVersion = 55;
	objects = {

/* Begin PBXBuildFile section */
		4F25187A286D801B00A8BA78 /* animat.mov in Resources */ = {isa = PBXBuildFile; fileRef = 4F251879286D801B00A8BA78 /* animat.mov */; };
		4F25187E286D929E00A8BA78 /* cancel.mov in Resources */ = {isa = PBXBuildFile; fileRef = 4F25187B286D929D00A8BA78 /* cancel.mov */; };
		4F25187F286D929E00A8BA78 /* send.mov in Resources */ = {isa = PBXBuildFile; fileRef = 4F25187C286D929E00A8BA78 /* send.mov */; };
		4F251880286D929E00A8BA78 /* payment.mov in Resources */ = {isa = PBXBuildFile; fileRef = 4F25187D286D929E00A8BA78 /* payment.mov */; };
		4F251882286D9FEB00A8BA78 /* SendAnimationViewController.swift in Sources */ = {isa = PBXBuildFile; fileRef = 4F251881286D9FEB00A8BA78 /* SendAnimationViewController.swift */; };
		4F251884286D9FFD00A8BA78 /* PaymentAnimationViewController.swift in Sources */ = {isa = PBXBuildFile; fileRef = 4F251883286D9FFD00A8BA78 /* PaymentAnimationViewController.swift */; };
		4F251886286DA01900A8BA78 /* CancelAnimationViewController.swift in Sources */ = {isa = PBXBuildFile; fileRef = 4F251885286DA01900A8BA78 /* CancelAnimationViewController.swift */; };
		4F25B85928644D0F00DF3E8F /* SearchCell.swift in Sources */ = {isa = PBXBuildFile; fileRef = 4F25B85828644D0F00DF3E8F /* SearchCell.swift */; };
		4F25C2B1286C841E003C9A70 /* AnimationViewController.swift in Sources */ = {isa = PBXBuildFile; fileRef = 4F25C2B0286C841E003C9A70 /* AnimationViewController.swift */; };
		4F2AB831285F42C800637D73 /* MapViewController.swift in Sources */ = {isa = PBXBuildFile; fileRef = 4F2AB830285F42C800637D73 /* MapViewController.swift */; };
		4F89F8722847794A00AB7152 /* SideMenuViewController.swift in Sources */ = {isa = PBXBuildFile; fileRef = 4F89F8712847794A00AB7152 /* SideMenuViewController.swift */; };
		4F89F8742847796100AB7152 /* MainViewController.swift in Sources */ = {isa = PBXBuildFile; fileRef = 4F89F8732847796100AB7152 /* MainViewController.swift */; };
		4F89F8772847830B00AB7152 /* SideMenuModel.swift in Sources */ = {isa = PBXBuildFile; fileRef = 4F89F8762847830B00AB7152 /* SideMenuModel.swift */; };
		4F89F87B2847837300AB7152 /* SideMenuCell.swift in Sources */ = {isa = PBXBuildFile; fileRef = 4F89F87A2847837300AB7152 /* SideMenuCell.swift */; };
		4FAEF1412846150B000B9A80 /* AppDelegate.swift in Sources */ = {isa = PBXBuildFile; fileRef = 4FAEF1402846150B000B9A80 /* AppDelegate.swift */; };
		4FAEF1432846150B000B9A80 /* SceneDelegate.swift in Sources */ = {isa = PBXBuildFile; fileRef = 4FAEF1422846150B000B9A80 /* SceneDelegate.swift */; };
		4FAEF1452846150B000B9A80 /* LogInViewController.swift in Sources */ = {isa = PBXBuildFile; fileRef = 4FAEF1442846150B000B9A80 /* LogInViewController.swift */; };
		4FAEF1482846150B000B9A80 /* Main.storyboard in Resources */ = {isa = PBXBuildFile; fileRef = 4FAEF1462846150B000B9A80 /* Main.storyboard */; };
		4FAEF14B2846150B000B9A80 /* Driver.xcdatamodeld in Sources */ = {isa = PBXBuildFile; fileRef = 4FAEF1492846150B000B9A80 /* Driver.xcdatamodeld */; };
		4FAEF14D2846150F000B9A80 /* Assets.xcassets in Resources */ = {isa = PBXBuildFile; fileRef = 4FAEF14C2846150F000B9A80 /* Assets.xcassets */; };
		4FAEF1502846150F000B9A80 /* LaunchScreen.storyboard in Resources */ = {isa = PBXBuildFile; fileRef = 4FAEF14E2846150F000B9A80 /* LaunchScreen.storyboard */; };
		4FAEF15928463940000B9A80 /* LogoViewController.swift in Sources */ = {isa = PBXBuildFile; fileRef = 4FAEF15828463940000B9A80 /* LogoViewController.swift */; };
		4FB20C702868A260008010CE /* SignUpViewController.swift in Sources */ = {isa = PBXBuildFile; fileRef = 4FB20C6F2868A260008010CE /* SignUpViewController.swift */; };
		4FB20C722868A881008010CE /* ResetPasswordViewController.swift in Sources */ = {isa = PBXBuildFile; fileRef = 4FB20C712868A881008010CE /* ResetPasswordViewController.swift */; };
		4FB20C782868B81A008010CE /* ForgerPasswordViewController.swift in Sources */ = {isa = PBXBuildFile; fileRef = 4FB20C772868B81A008010CE /* ForgerPasswordViewController.swift */; };
		4FB20C7A2868B834008010CE /* ConfirmViewController.swift in Sources */ = {isa = PBXBuildFile; fileRef = 4FB20C792868B834008010CE /* ConfirmViewController.swift */; };
		4FB20C7F28692F27008010CE /* FirebaseAuth in Frameworks */ = {isa = PBXBuildFile; productRef = 4FB20C7E28692F27008010CE /* FirebaseAuth */; };
		4FB20C8128692F27008010CE /* FirebaseDatabase in Frameworks */ = {isa = PBXBuildFile; productRef = 4FB20C8028692F27008010CE /* FirebaseDatabase */; };
		4FB20C8328692F27008010CE /* FirebaseRemoteConfig in Frameworks */ = {isa = PBXBuildFile; productRef = 4FB20C8228692F27008010CE /* FirebaseRemoteConfig */; };
		4FB20C8528692F27008010CE /* FirebaseStorage in Frameworks */ = {isa = PBXBuildFile; productRef = 4FB20C8428692F27008010CE /* FirebaseStorage */; };
		4FB20C87286A12FF008010CE /* DatabaseManger.swift in Sources */ = {isa = PBXBuildFile; fileRef = 4FB20C86286A12FF008010CE /* DatabaseManger.swift */; };
		4FB20C89286A14B9008010CE /* User.swift in Sources */ = {isa = PBXBuildFile; fileRef = 4FB20C88286A14B9008010CE /* User.swift */; };
		4FB20C8D286A2F50008010CE /* GoogleService-Info.plist in Resources */ = {isa = PBXBuildFile; fileRef = 4FB20C8C286A2F50008010CE /* GoogleService-Info.plist */; };
		4FB20C8F286A3953008010CE /* PromoCodeViewController.swift in Sources */ = {isa = PBXBuildFile; fileRef = 4FB20C8E286A3953008010CE /* PromoCodeViewController.swift */; };
		4FB20C91286A6717008010CE /* ResetConfirmViewController.swift in Sources */ = {isa = PBXBuildFile; fileRef = 4FB20C90286A6717008010CE /* ResetConfirmViewController.swift */; };
		4FE0D60228609EDD0066F00B /* SideMenu in Frameworks */ = {isa = PBXBuildFile; productRef = 4FE0D60128609EDD0066F00B /* SideMenu */; };
		4FF150A2285876770078C78C /* GoogleMaps in Frameworks */ = {isa = PBXBuildFile; productRef = 4FF150A1285876770078C78C /* GoogleMaps */; };
		4FF150A4285876770078C78C /* GoogleMapsBase in Frameworks */ = {isa = PBXBuildFile; productRef = 4FF150A3285876770078C78C /* GoogleMapsBase */; };
		4FF150A6285876770078C78C /* GoogleMapsCore in Frameworks */ = {isa = PBXBuildFile; productRef = 4FF150A5285876770078C78C /* GoogleMapsCore */; };
		4FF150A8285876770078C78C /* GoogleMapsM4B in Frameworks */ = {isa = PBXBuildFile; productRef = 4FF150A7285876770078C78C /* GoogleMapsM4B */; };
		4FF150AA285876770078C78C /* GooglePlaces in Frameworks */ = {isa = PBXBuildFile; productRef = 4FF150A9285876770078C78C /* GooglePlaces */; };
/* End PBXBuildFile section */

/* Begin PBXFileReference section */
		4F251879286D801B00A8BA78 /* animat.mov */ = {isa = PBXFileReference; lastKnownFileType = video.quicktime; path = animat.mov; sourceTree = "<group>"; };
		4F25187B286D929D00A8BA78 /* cancel.mov */ = {isa = PBXFileReference; lastKnownFileType = video.quicktime; name = cancel.mov; path = ../../../../../Downloads/cancel.mov; sourceTree = "<group>"; };
		4F25187C286D929E00A8BA78 /* send.mov */ = {isa = PBXFileReference; lastKnownFileType = video.quicktime; name = send.mov; path = ../../../../../Downloads/send.mov; sourceTree = "<group>"; };
		4F25187D286D929E00A8BA78 /* payment.mov */ = {isa = PBXFileReference; lastKnownFileType = video.quicktime; name = payment.mov; path = ../../../../../Downloads/payment.mov; sourceTree = "<group>"; };
		4F251881286D9FEB00A8BA78 /* SendAnimationViewController.swift */ = {isa = PBXFileReference; lastKnownFileType = sourcecode.swift; path = SendAnimationViewController.swift; sourceTree = "<group>"; };
		4F251883286D9FFD00A8BA78 /* PaymentAnimationViewController.swift */ = {isa = PBXFileReference; lastKnownFileType = sourcecode.swift; path = PaymentAnimationViewController.swift; sourceTree = "<group>"; };
		4F251885286DA01900A8BA78 /* CancelAnimationViewController.swift */ = {isa = PBXFileReference; lastKnownFileType = sourcecode.swift; path = CancelAnimationViewController.swift; sourceTree = "<group>"; };
		4F25B85828644D0F00DF3E8F /* SearchCell.swift */ = {isa = PBXFileReference; lastKnownFileType = sourcecode.swift; path = SearchCell.swift; sourceTree = "<group>"; };
		4F25C2B0286C841E003C9A70 /* AnimationViewController.swift */ = {isa = PBXFileReference; lastKnownFileType = sourcecode.swift; path = AnimationViewController.swift; sourceTree = "<group>"; };
		4F2AB830285F42C800637D73 /* MapViewController.swift */ = {isa = PBXFileReference; lastKnownFileType = sourcecode.swift; path = MapViewController.swift; sourceTree = "<group>"; };
		4F89F8712847794A00AB7152 /* SideMenuViewController.swift */ = {isa = PBXFileReference; lastKnownFileType = sourcecode.swift; path = SideMenuViewController.swift; sourceTree = "<group>"; };
		4F89F8732847796100AB7152 /* MainViewController.swift */ = {isa = PBXFileReference; lastKnownFileType = sourcecode.swift; path = MainViewController.swift; sourceTree = "<group>"; };
		4F89F8762847830B00AB7152 /* SideMenuModel.swift */ = {isa = PBXFileReference; lastKnownFileType = sourcecode.swift; path = SideMenuModel.swift; sourceTree = "<group>"; };
		4F89F87A2847837300AB7152 /* SideMenuCell.swift */ = {isa = PBXFileReference; lastKnownFileType = sourcecode.swift; path = SideMenuCell.swift; sourceTree = "<group>"; };
		4FAEF13D2846150B000B9A80 /* Driver.app */ = {isa = PBXFileReference; explicitFileType = wrapper.application; includeInIndex = 0; path = Driver.app; sourceTree = BUILT_PRODUCTS_DIR; };
		4FAEF1402846150B000B9A80 /* AppDelegate.swift */ = {isa = PBXFileReference; lastKnownFileType = sourcecode.swift; path = AppDelegate.swift; sourceTree = "<group>"; };
		4FAEF1422846150B000B9A80 /* SceneDelegate.swift */ = {isa = PBXFileReference; lastKnownFileType = sourcecode.swift; path = SceneDelegate.swift; sourceTree = "<group>"; };
		4FAEF1442846150B000B9A80 /* LogInViewController.swift */ = {isa = PBXFileReference; lastKnownFileType = sourcecode.swift; path = LogInViewController.swift; sourceTree = "<group>"; };
		4FAEF1472846150B000B9A80 /* Base */ = {isa = PBXFileReference; lastKnownFileType = file.storyboard; name = Base; path = Base.lproj/Main.storyboard; sourceTree = "<group>"; };
		4FAEF14A2846150B000B9A80 /* Driver.xcdatamodel */ = {isa = PBXFileReference; lastKnownFileType = wrapper.xcdatamodel; path = Driver.xcdatamodel; sourceTree = "<group>"; };
		4FAEF14C2846150F000B9A80 /* Assets.xcassets */ = {isa = PBXFileReference; lastKnownFileType = folder.assetcatalog; path = Assets.xcassets; sourceTree = "<group>"; };
		4FAEF14F2846150F000B9A80 /* Base */ = {isa = PBXFileReference; lastKnownFileType = file.storyboard; name = Base; path = Base.lproj/LaunchScreen.storyboard; sourceTree = "<group>"; };
		4FAEF1512846150F000B9A80 /* Info.plist */ = {isa = PBXFileReference; lastKnownFileType = text.plist.xml; path = Info.plist; sourceTree = "<group>"; };
		4FAEF15828463940000B9A80 /* LogoViewController.swift */ = {isa = PBXFileReference; lastKnownFileType = sourcecode.swift; path = LogoViewController.swift; sourceTree = "<group>"; };
		4FB20C6F2868A260008010CE /* SignUpViewController.swift */ = {isa = PBXFileReference; lastKnownFileType = sourcecode.swift; path = SignUpViewController.swift; sourceTree = "<group>"; };
		4FB20C712868A881008010CE /* ResetPasswordViewController.swift */ = {isa = PBXFileReference; lastKnownFileType = sourcecode.swift; path = ResetPasswordViewController.swift; sourceTree = "<group>"; };
		4FB20C772868B81A008010CE /* ForgerPasswordViewController.swift */ = {isa = PBXFileReference; lastKnownFileType = sourcecode.swift; path = ForgerPasswordViewController.swift; sourceTree = "<group>"; };
		4FB20C792868B834008010CE /* ConfirmViewController.swift */ = {isa = PBXFileReference; lastKnownFileType = sourcecode.swift; path = ConfirmViewController.swift; sourceTree = "<group>"; };
		4FB20C86286A12FF008010CE /* DatabaseManger.swift */ = {isa = PBXFileReference; lastKnownFileType = sourcecode.swift; path = DatabaseManger.swift; sourceTree = "<group>"; };
		4FB20C88286A14B9008010CE /* User.swift */ = {isa = PBXFileReference; lastKnownFileType = sourcecode.swift; path = User.swift; sourceTree = "<group>"; };
		4FB20C8C286A2F50008010CE /* GoogleService-Info.plist */ = {isa = PBXFileReference; fileEncoding = 4; lastKnownFileType = text.plist.xml; path = "GoogleService-Info.plist"; sourceTree = "<group>"; };
		4FB20C8E286A3953008010CE /* PromoCodeViewController.swift */ = {isa = PBXFileReference; lastKnownFileType = sourcecode.swift; path = PromoCodeViewController.swift; sourceTree = "<group>"; };
		4FB20C90286A6717008010CE /* ResetConfirmViewController.swift */ = {isa = PBXFileReference; lastKnownFileType = sourcecode.swift; path = ResetConfirmViewController.swift; sourceTree = "<group>"; };
/* End PBXFileReference section */

/* Begin PBXFrameworksBuildPhase section */
		4FAEF13A2846150B000B9A80 /* Frameworks */ = {
			isa = PBXFrameworksBuildPhase;
			buildActionMask = 2147483647;
			files = (
				4FB20C8328692F27008010CE /* FirebaseRemoteConfig in Frameworks */,
				4FF150A2285876770078C78C /* GoogleMaps in Frameworks */,
				4FF150A6285876770078C78C /* GoogleMapsCore in Frameworks */,
				4FB20C8528692F27008010CE /* FirebaseStorage in Frameworks */,
				4FF150A8285876770078C78C /* GoogleMapsM4B in Frameworks */,
				4FF150AA285876770078C78C /* GooglePlaces in Frameworks */,
				4FE0D60228609EDD0066F00B /* SideMenu in Frameworks */,
				4FB20C7F28692F27008010CE /* FirebaseAuth in Frameworks */,
				4FB20C8128692F27008010CE /* FirebaseDatabase in Frameworks */,
				4FF150A4285876770078C78C /* GoogleMapsBase in Frameworks */,
			);
			runOnlyForDeploymentPostprocessing = 0;
		};
/* End PBXFrameworksBuildPhase section */

/* Begin PBXGroup section */
		4F25C2AA286C82C5003C9A70 /* Media */ = {
			isa = PBXGroup;
			children = (
				4F25187B286D929D00A8BA78 /* cancel.mov */,
				4F25187D286D929E00A8BA78 /* payment.mov */,
				4F25187C286D929E00A8BA78 /* send.mov */,
				4F251879286D801B00A8BA78 /* animat.mov */,
			);
			path = Media;
			sourceTree = "<group>";
		};
		4F25C2AF286C8405003C9A70 /* Animation */ = {
			isa = PBXGroup;
			children = (
				4F25C2B0286C841E003C9A70 /* AnimationViewController.swift */,
				4F251881286D9FEB00A8BA78 /* SendAnimationViewController.swift */,
				4F251883286D9FFD00A8BA78 /* PaymentAnimationViewController.swift */,
				4F251885286DA01900A8BA78 /* CancelAnimationViewController.swift */,
			);
			path = Animation;
			sourceTree = "<group>";
		};
		4F89F875284782F100AB7152 /* Model */ = {
			isa = PBXGroup;
			children = (
				4F89F8762847830B00AB7152 /* SideMenuModel.swift */,
				4F89F87A2847837300AB7152 /* SideMenuCell.swift */,
				4FB20C86286A12FF008010CE /* DatabaseManger.swift */,
				4FB20C88286A14B9008010CE /* User.swift */,
			);
			path = Model;
			sourceTree = "<group>";
		};
		4FAEF1342846150B000B9A80 = {
			isa = PBXGroup;
			children = (
				4FAEF13F2846150B000B9A80 /* Driver */,
				4FAEF13E2846150B000B9A80 /* Products */,
			);
			sourceTree = "<group>";
		};
		4FAEF13E2846150B000B9A80 /* Products */ = {
			isa = PBXGroup;
			children = (
				4FAEF13D2846150B000B9A80 /* Driver.app */,
			);
			name = Products;
			sourceTree = "<group>";
		};
		4FAEF13F2846150B000B9A80 /* Driver */ = {
			isa = PBXGroup;
			children = (
				4FAEF1402846150B000B9A80 /* AppDelegate.swift */,
				4FAEF1422846150B000B9A80 /* SceneDelegate.swift */,
				4F25C2AA286C82C5003C9A70 /* Media */,
				4F89F875284782F100AB7152 /* Model */,
				4FAEF157284638DC000B9A80 /* ViewController */,
				4FAEF1462846150B000B9A80 /* Main.storyboard */,
				4FAEF14C2846150F000B9A80 /* Assets.xcassets */,
				4FAEF14E2846150F000B9A80 /* LaunchScreen.storyboard */,
				4FB20C8C286A2F50008010CE /* GoogleService-Info.plist */,
				4FAEF1512846150F000B9A80 /* Info.plist */,
				4FAEF1492846150B000B9A80 /* Driver.xcdatamodeld */,
			);
			path = Driver;
			sourceTree = "<group>";
		};
		4FAEF157284638DC000B9A80 /* ViewController */ = {
			isa = PBXGroup;
			children = (
				4FE0D5FF28608EAD0066F00B /* LogIn */,
				4F89F8712847794A00AB7152 /* SideMenuViewController.swift */,
				4F89F8732847796100AB7152 /* MainViewController.swift */,
				4F2AB830285F42C800637D73 /* MapViewController.swift */,
				4F25B85828644D0F00DF3E8F /* SearchCell.swift */,
			);
			path = ViewController;
			sourceTree = "<group>";
		};
		4FE0D5FF28608EAD0066F00B /* LogIn */ = {
			isa = PBXGroup;
			children = (
				4F25C2AF286C8405003C9A70 /* Animation */,
				4FAEF1442846150B000B9A80 /* LogInViewController.swift */,
				4FAEF15828463940000B9A80 /* LogoViewController.swift */,
				4FB20C6F2868A260008010CE /* SignUpViewController.swift */,
				4FB20C712868A881008010CE /* ResetPasswordViewController.swift */,
				4FB20C772868B81A008010CE /* ForgerPasswordViewController.swift */,
				4FB20C792868B834008010CE /* ConfirmViewController.swift */,
				4FB20C8E286A3953008010CE /* PromoCodeViewController.swift */,
				4FB20C90286A6717008010CE /* ResetConfirmViewController.swift */,
			);
			path = LogIn;
			sourceTree = "<group>";
		};
/* End PBXGroup section */

/* Begin PBXNativeTarget section */
		4FAEF13C2846150B000B9A80 /* Driver */ = {
			isa = PBXNativeTarget;
			buildConfigurationList = 4FAEF1542846150F000B9A80 /* Build configuration list for PBXNativeTarget "Driver" */;
			buildPhases = (
				4FAEF1392846150B000B9A80 /* Sources */,
				4FAEF13A2846150B000B9A80 /* Frameworks */,
				4FAEF13B2846150B000B9A80 /* Resources */,
			);
			buildRules = (
			);
			dependencies = (
			);
			name = Driver;
			packageProductDependencies = (
				4FF150A1285876770078C78C /* GoogleMaps */,
				4FF150A3285876770078C78C /* GoogleMapsBase */,
				4FF150A5285876770078C78C /* GoogleMapsCore */,
				4FF150A7285876770078C78C /* GoogleMapsM4B */,
				4FF150A9285876770078C78C /* GooglePlaces */,
				4FE0D60128609EDD0066F00B /* SideMenu */,
				4FB20C7E28692F27008010CE /* FirebaseAuth */,
				4FB20C8028692F27008010CE /* FirebaseDatabase */,
				4FB20C8228692F27008010CE /* FirebaseRemoteConfig */,
				4FB20C8428692F27008010CE /* FirebaseStorage */,
			);
			productName = Driver;
			productReference = 4FAEF13D2846150B000B9A80 /* Driver.app */;
			productType = "com.apple.product-type.application";
		};
/* End PBXNativeTarget section */

/* Begin PBXProject section */
		4FAEF1352846150B000B9A80 /* Project object */ = {
			isa = PBXProject;
			attributes = {
				BuildIndependentTargetsInParallel = 1;
				LastSwiftUpdateCheck = 1340;
				LastUpgradeCheck = 1340;
				TargetAttributes = {
					4FAEF13C2846150B000B9A80 = {
						CreatedOnToolsVersion = 13.4;
					};
				};
			};
			buildConfigurationList = 4FAEF1382846150B000B9A80 /* Build configuration list for PBXProject "Driver" */;
			compatibilityVersion = "Xcode 13.0";
			developmentRegion = en;
			hasScannedForEncodings = 0;
			knownRegions = (
				en,
				Base,
			);
			mainGroup = 4FAEF1342846150B000B9A80;
			packageReferences = (
				4FF150A0285876770078C78C /* XCRemoteSwiftPackageReference "GoogleMaps-SP" */,
				4FE0D60028609EDD0066F00B /* XCRemoteSwiftPackageReference "SideMenu" */,
				4FB20C7D28692F27008010CE /* XCRemoteSwiftPackageReference "firebase-ios-sdk" */,
			);
			productRefGroup = 4FAEF13E2846150B000B9A80 /* Products */;
			projectDirPath = "";
			projectRoot = "";
			targets = (
				4FAEF13C2846150B000B9A80 /* Driver */,
			);
		};
/* End PBXProject section */

/* Begin PBXResourcesBuildPhase section */
		4FAEF13B2846150B000B9A80 /* Resources */ = {
			isa = PBXResourcesBuildPhase;
			buildActionMask = 2147483647;
			files = (
				4FAEF1502846150F000B9A80 /* LaunchScreen.storyboard in Resources */,
				4FB20C8D286A2F50008010CE /* GoogleService-Info.plist in Resources */,
				4F25187F286D929E00A8BA78 /* send.mov in Resources */,
				4F25187A286D801B00A8BA78 /* animat.mov in Resources */,
				4FAEF14D2846150F000B9A80 /* Assets.xcassets in Resources */,
				4F25187E286D929E00A8BA78 /* cancel.mov in Resources */,
				4FAEF1482846150B000B9A80 /* Main.storyboard in Resources */,
				4F251880286D929E00A8BA78 /* payment.mov in Resources */,
			);
			runOnlyForDeploymentPostprocessing = 0;
		};
/* End PBXResourcesBuildPhase section */

/* Begin PBXSourcesBuildPhase section */
		4FAEF1392846150B000B9A80 /* Sources */ = {
			isa = PBXSourcesBuildPhase;
			buildActionMask = 2147483647;
			files = (
				4F89F8742847796100AB7152 /* MainViewController.swift in Sources */,
				4F25B85928644D0F00DF3E8F /* SearchCell.swift in Sources */,
				4F89F8772847830B00AB7152 /* SideMenuModel.swift in Sources */,
				4FAEF1452846150B000B9A80 /* LogInViewController.swift in Sources */,
				4F2AB831285F42C800637D73 /* MapViewController.swift in Sources */,
				4F251886286DA01900A8BA78 /* CancelAnimationViewController.swift in Sources */,
				4FB20C8F286A3953008010CE /* PromoCodeViewController.swift in Sources */,
				4FAEF1412846150B000B9A80 /* AppDelegate.swift in Sources */,
				4F25C2B1286C841E003C9A70 /* AnimationViewController.swift in Sources */,
				4FB20C702868A260008010CE /* SignUpViewController.swift in Sources */,
				4FAEF15928463940000B9A80 /* LogoViewController.swift in Sources */,
				4F89F87B2847837300AB7152 /* SideMenuCell.swift in Sources */,
				4FB20C722868A881008010CE /* ResetPasswordViewController.swift in Sources */,
				4F251882286D9FEB00A8BA78 /* SendAnimationViewController.swift in Sources */,
				4FAEF1432846150B000B9A80 /* SceneDelegate.swift in Sources */,
				4F251884286D9FFD00A8BA78 /* PaymentAnimationViewController.swift in Sources */,
				4FB20C89286A14B9008010CE /* User.swift in Sources */,
				4FB20C7A2868B834008010CE /* ConfirmViewController.swift in Sources */,
				4F89F8722847794A00AB7152 /* SideMenuViewController.swift in Sources */,
				4FB20C782868B81A008010CE /* ForgerPasswordViewController.swift in Sources */,
				4FB20C87286A12FF008010CE /* DatabaseManger.swift in Sources */,
				4FB20C91286A6717008010CE /* ResetConfirmViewController.swift in Sources */,
				4FAEF14B2846150B000B9A80 /* Driver.xcdatamodeld in Sources */,
			);
			runOnlyForDeploymentPostprocessing = 0;
		};
/* End PBXSourcesBuildPhase section */

/* Begin PBXVariantGroup section */
		4FAEF1462846150B000B9A80 /* Main.storyboard */ = {
			isa = PBXVariantGroup;
			children = (
				4FAEF1472846150B000B9A80 /* Base */,
			);
			name = Main.storyboard;
			sourceTree = "<group>";
		};
		4FAEF14E2846150F000B9A80 /* LaunchScreen.storyboard */ = {
			isa = PBXVariantGroup;
			children = (
				4FAEF14F2846150F000B9A80 /* Base */,
			);
			name = LaunchScreen.storyboard;
			sourceTree = "<group>";
		};
/* End PBXVariantGroup section */

/* Begin XCBuildConfiguration section */
		4FAEF1522846150F000B9A80 /* Debug */ = {
			isa = XCBuildConfiguration;
			buildSettings = {
				ALWAYS_SEARCH_USER_PATHS = NO;
				CLANG_ANALYZER_NONNULL = YES;
				CLANG_ANALYZER_NUMBER_OBJECT_CONVERSION = YES_AGGRESSIVE;
				CLANG_CXX_LANGUAGE_STANDARD = "gnu++17";
				CLANG_ENABLE_MODULES = YES;
				CLANG_ENABLE_OBJC_ARC = YES;
				CLANG_ENABLE_OBJC_WEAK = YES;
				CLANG_WARN_BLOCK_CAPTURE_AUTORELEASING = YES;
				CLANG_WARN_BOOL_CONVERSION = YES;
				CLANG_WARN_COMMA = YES;
				CLANG_WARN_CONSTANT_CONVERSION = YES;
				CLANG_WARN_DEPRECATED_OBJC_IMPLEMENTATIONS = YES;
				CLANG_WARN_DIRECT_OBJC_ISA_USAGE = YES_ERROR;
				CLANG_WARN_DOCUMENTATION_COMMENTS = YES;
				CLANG_WARN_EMPTY_BODY = YES;
				CLANG_WARN_ENUM_CONVERSION = YES;
				CLANG_WARN_INFINITE_RECURSION = YES;
				CLANG_WARN_INT_CONVERSION = YES;
				CLANG_WARN_NON_LITERAL_NULL_CONVERSION = YES;
				CLANG_WARN_OBJC_IMPLICIT_RETAIN_SELF = YES;
				CLANG_WARN_OBJC_LITERAL_CONVERSION = YES;
				CLANG_WARN_OBJC_ROOT_CLASS = YES_ERROR;
				CLANG_WARN_QUOTED_INCLUDE_IN_FRAMEWORK_HEADER = YES;
				CLANG_WARN_RANGE_LOOP_ANALYSIS = YES;
				CLANG_WARN_STRICT_PROTOTYPES = YES;
				CLANG_WARN_SUSPICIOUS_MOVE = YES;
				CLANG_WARN_UNGUARDED_AVAILABILITY = YES_AGGRESSIVE;
				CLANG_WARN_UNREACHABLE_CODE = YES;
				CLANG_WARN__DUPLICATE_METHOD_MATCH = YES;
				COPY_PHASE_STRIP = NO;
				DEBUG_INFORMATION_FORMAT = dwarf;
				ENABLE_STRICT_OBJC_MSGSEND = YES;
				ENABLE_TESTABILITY = YES;
				GCC_C_LANGUAGE_STANDARD = gnu11;
				GCC_DYNAMIC_NO_PIC = NO;
				GCC_NO_COMMON_BLOCKS = YES;
				GCC_OPTIMIZATION_LEVEL = 0;
				GCC_PREPROCESSOR_DEFINITIONS = (
					"DEBUG=1",
					"$(inherited)",
				);
				GCC_WARN_64_TO_32_BIT_CONVERSION = YES;
				GCC_WARN_ABOUT_RETURN_TYPE = YES_ERROR;
				GCC_WARN_UNDECLARED_SELECTOR = YES;
				GCC_WARN_UNINITIALIZED_AUTOS = YES_AGGRESSIVE;
				GCC_WARN_UNUSED_FUNCTION = YES;
				GCC_WARN_UNUSED_VARIABLE = YES;
				IPHONEOS_DEPLOYMENT_TARGET = 15.5;
				MTL_ENABLE_DEBUG_INFO = INCLUDE_SOURCE;
				MTL_FAST_MATH = YES;
				ONLY_ACTIVE_ARCH = YES;
				SDKROOT = iphoneos;
				SWIFT_ACTIVE_COMPILATION_CONDITIONS = DEBUG;
				SWIFT_OPTIMIZATION_LEVEL = "-Onone";
			};
			name = Debug;
		};
		4FAEF1532846150F000B9A80 /* Release */ = {
			isa = XCBuildConfiguration;
			buildSettings = {
				ALWAYS_SEARCH_USER_PATHS = NO;
				CLANG_ANALYZER_NONNULL = YES;
				CLANG_ANALYZER_NUMBER_OBJECT_CONVERSION = YES_AGGRESSIVE;
				CLANG_CXX_LANGUAGE_STANDARD = "gnu++17";
				CLANG_ENABLE_MODULES = YES;
				CLANG_ENABLE_OBJC_ARC = YES;
				CLANG_ENABLE_OBJC_WEAK = YES;
				CLANG_WARN_BLOCK_CAPTURE_AUTORELEASING = YES;
				CLANG_WARN_BOOL_CONVERSION = YES;
				CLANG_WARN_COMMA = YES;
				CLANG_WARN_CONSTANT_CONVERSION = YES;
				CLANG_WARN_DEPRECATED_OBJC_IMPLEMENTATIONS = YES;
				CLANG_WARN_DIRECT_OBJC_ISA_USAGE = YES_ERROR;
				CLANG_WARN_DOCUMENTATION_COMMENTS = YES;
				CLANG_WARN_EMPTY_BODY = YES;
				CLANG_WARN_ENUM_CONVERSION = YES;
				CLANG_WARN_INFINITE_RECURSION = YES;
				CLANG_WARN_INT_CONVERSION = YES;
				CLANG_WARN_NON_LITERAL_NULL_CONVERSION = YES;
				CLANG_WARN_OBJC_IMPLICIT_RETAIN_SELF = YES;
				CLANG_WARN_OBJC_LITERAL_CONVERSION = YES;
				CLANG_WARN_OBJC_ROOT_CLASS = YES_ERROR;
				CLANG_WARN_QUOTED_INCLUDE_IN_FRAMEWORK_HEADER = YES;
				CLANG_WARN_RANGE_LOOP_ANALYSIS = YES;
				CLANG_WARN_STRICT_PROTOTYPES = YES;
				CLANG_WARN_SUSPICIOUS_MOVE = YES;
				CLANG_WARN_UNGUARDED_AVAILABILITY = YES_AGGRESSIVE;
				CLANG_WARN_UNREACHABLE_CODE = YES;
				CLANG_WARN__DUPLICATE_METHOD_MATCH = YES;
				COPY_PHASE_STRIP = NO;
				DEBUG_INFORMATION_FORMAT = "dwarf-with-dsym";
				ENABLE_NS_ASSERTIONS = NO;
				ENABLE_STRICT_OBJC_MSGSEND = YES;
				GCC_C_LANGUAGE_STANDARD = gnu11;
				GCC_NO_COMMON_BLOCKS = YES;
				GCC_WARN_64_TO_32_BIT_CONVERSION = YES;
				GCC_WARN_ABOUT_RETURN_TYPE = YES_ERROR;
				GCC_WARN_UNDECLARED_SELECTOR = YES;
				GCC_WARN_UNINITIALIZED_AUTOS = YES_AGGRESSIVE;
				GCC_WARN_UNUSED_FUNCTION = YES;
				GCC_WARN_UNUSED_VARIABLE = YES;
				IPHONEOS_DEPLOYMENT_TARGET = 15.5;
				MTL_ENABLE_DEBUG_INFO = NO;
				MTL_FAST_MATH = YES;
				SDKROOT = iphoneos;
				SWIFT_COMPILATION_MODE = wholemodule;
				SWIFT_OPTIMIZATION_LEVEL = "-O";
				VALIDATE_PRODUCT = YES;
			};
			name = Release;
		};
		4FAEF1552846150F000B9A80 /* Debug */ = {
			isa = XCBuildConfiguration;
			buildSettings = {
				ASSETCATALOG_COMPILER_APPICON_NAME = AppIcon;
				ASSETCATALOG_COMPILER_GLOBAL_ACCENT_COLOR_NAME = AccentColor;
				CODE_SIGN_STYLE = Automatic;
				CURRENT_PROJECT_VERSION = 1;
				DEVELOPMENT_TEAM = 9P3NR52KMG;
				GENERATE_INFOPLIST_FILE = YES;
				INFOPLIST_FILE = Driver/Info.plist;
				INFOPLIST_KEY_CFBundleDisplayName = Driver;
				INFOPLIST_KEY_NSLocationAlwaysAndWhenInUseUsageDescription = "";
				INFOPLIST_KEY_NSLocationWhenInUseUsageDescription = "";
				INFOPLIST_KEY_UIApplicationSupportsIndirectInputEvents = YES;
				INFOPLIST_KEY_UILaunchStoryboardName = LaunchScreen;
				INFOPLIST_KEY_UIMainStoryboardFile = Main;
				INFOPLIST_KEY_UISupportedInterfaceOrientations_iPad = "UIInterfaceOrientationPortrait UIInterfaceOrientationPortraitUpsideDown UIInterfaceOrientationLandscapeLeft UIInterfaceOrientationLandscapeRight";
				INFOPLIST_KEY_UISupportedInterfaceOrientations_iPhone = "UIInterfaceOrientationPortrait UIInterfaceOrientationLandscapeLeft UIInterfaceOrientationLandscapeRight";
				LD_RUNPATH_SEARCH_PATHS = (
					"$(inherited)",
					"@executable_path/Frameworks",
				);
				MARKETING_VERSION = 1.0;
				PRODUCT_BUNDLE_IDENTIFIER = basma.Driver;
				PRODUCT_NAME = "$(TARGET_NAME)";
				SWIFT_EMIT_LOC_STRINGS = YES;
				SWIFT_VERSION = 5.0;
				TARGETED_DEVICE_FAMILY = "1,2";
			};
			name = Debug;
		};
		4FAEF1562846150F000B9A80 /* Release */ = {
			isa = XCBuildConfiguration;
			buildSettings = {
				ASSETCATALOG_COMPILER_APPICON_NAME = AppIcon;
				ASSETCATALOG_COMPILER_GLOBAL_ACCENT_COLOR_NAME = AccentColor;
				CODE_SIGN_STYLE = Automatic;
				CURRENT_PROJECT_VERSION = 1;
				DEVELOPMENT_TEAM = 9P3NR52KMG;
				GENERATE_INFOPLIST_FILE = YES;
				INFOPLIST_FILE = Driver/Info.plist;
				INFOPLIST_KEY_CFBundleDisplayName = Driver;
				INFOPLIST_KEY_NSLocationAlwaysAndWhenInUseUsageDescription = "";
				INFOPLIST_KEY_NSLocationWhenInUseUsageDescription = "";
				INFOPLIST_KEY_UIApplicationSupportsIndirectInputEvents = YES;
				INFOPLIST_KEY_UILaunchStoryboardName = LaunchScreen;
				INFOPLIST_KEY_UIMainStoryboardFile = Main;
				INFOPLIST_KEY_UISupportedInterfaceOrientations_iPad = "UIInterfaceOrientationPortrait UIInterfaceOrientationPortraitUpsideDown UIInterfaceOrientationLandscapeLeft UIInterfaceOrientationLandscapeRight";
				INFOPLIST_KEY_UISupportedInterfaceOrientations_iPhone = "UIInterfaceOrientationPortrait UIInterfaceOrientationLandscapeLeft UIInterfaceOrientationLandscapeRight";
				LD_RUNPATH_SEARCH_PATHS = (
					"$(inherited)",
					"@executable_path/Frameworks",
				);
				MARKETING_VERSION = 1.0;
				PRODUCT_BUNDLE_IDENTIFIER = basma.Driver;
				PRODUCT_NAME = "$(TARGET_NAME)";
				SWIFT_EMIT_LOC_STRINGS = YES;
				SWIFT_VERSION = 5.0;
				TARGETED_DEVICE_FAMILY = "1,2";
			};
			name = Release;
		};
/* End XCBuildConfiguration section */

/* Begin XCConfigurationList section */
		4FAEF1382846150B000B9A80 /* Build configuration list for PBXProject "Driver" */ = {
			isa = XCConfigurationList;
			buildConfigurations = (
				4FAEF1522846150F000B9A80 /* Debug */,
				4FAEF1532846150F000B9A80 /* Release */,
			);
			defaultConfigurationIsVisible = 0;
			defaultConfigurationName = Release;
		};
		4FAEF1542846150F000B9A80 /* Build configuration list for PBXNativeTarget "Driver" */ = {
			isa = XCConfigurationList;
			buildConfigurations = (
				4FAEF1552846150F000B9A80 /* Debug */,
				4FAEF1562846150F000B9A80 /* Release */,
			);
			defaultConfigurationIsVisible = 0;
			defaultConfigurationName = Release;
		};
/* End XCConfigurationList section */

/* Begin XCRemoteSwiftPackageReference section */
		4FB20C7D28692F27008010CE /* XCRemoteSwiftPackageReference "firebase-ios-sdk" */ = {
			isa = XCRemoteSwiftPackageReference;
			repositoryURL = "https://github.com/firebase/firebase-ios-sdk.git";
			requirement = {
				branch = master;
				kind = branch;
			};
		};
		4FE0D60028609EDD0066F00B /* XCRemoteSwiftPackageReference "SideMenu" */ = {
			isa = XCRemoteSwiftPackageReference;
			repositoryURL = "https://github.com/jonkykong/SideMenu.git";
			requirement = {
				kind = upToNextMajorVersion;
				minimumVersion = 6.0.0;
			};
		};
		4FF150A0285876770078C78C /* XCRemoteSwiftPackageReference "GoogleMaps-SP" */ = {
			isa = XCRemoteSwiftPackageReference;
			repositoryURL = "https://github.com/YAtechnologies/GoogleMaps-SP.git";
			requirement = {
				kind = upToNextMajorVersion;
				minimumVersion = 6.0.0;
			};
		};
/* End XCRemoteSwiftPackageReference section */

/* Begin XCSwiftPackageProductDependency section */
		4FB20C7E28692F27008010CE /* FirebaseAuth */ = {
			isa = XCSwiftPackageProductDependency;
			package = 4FB20C7D28692F27008010CE /* XCRemoteSwiftPackageReference "firebase-ios-sdk" */;
			productName = FirebaseAuth;
		};
		4FB20C8028692F27008010CE /* FirebaseDatabase */ = {
			isa = XCSwiftPackageProductDependency;
			package = 4FB20C7D28692F27008010CE /* XCRemoteSwiftPackageReference "firebase-ios-sdk" */;
			productName = FirebaseDatabase;
		};
		4FB20C8228692F27008010CE /* FirebaseRemoteConfig */ = {
			isa = XCSwiftPackageProductDependency;
			package = 4FB20C7D28692F27008010CE /* XCRemoteSwiftPackageReference "firebase-ios-sdk" */;
			productName = FirebaseRemoteConfig;
		};
		4FB20C8428692F27008010CE /* FirebaseStorage */ = {
			isa = XCSwiftPackageProductDependency;
			package = 4FB20C7D28692F27008010CE /* XCRemoteSwiftPackageReference "firebase-ios-sdk" */;
			productName = FirebaseStorage;
		};
		4FE0D60128609EDD0066F00B /* SideMenu */ = {
			isa = XCSwiftPackageProductDependency;
			package = 4FE0D60028609EDD0066F00B /* XCRemoteSwiftPackageReference "SideMenu" */;
			productName = SideMenu;
		};
		4FF150A1285876770078C78C /* GoogleMaps */ = {
			isa = XCSwiftPackageProductDependency;
			package = 4FF150A0285876770078C78C /* XCRemoteSwiftPackageReference "GoogleMaps-SP" */;
			productName = GoogleMaps;
		};
		4FF150A3285876770078C78C /* GoogleMapsBase */ = {
			isa = XCSwiftPackageProductDependency;
			package = 4FF150A0285876770078C78C /* XCRemoteSwiftPackageReference "GoogleMaps-SP" */;
			productName = GoogleMapsBase;
		};
		4FF150A5285876770078C78C /* GoogleMapsCore */ = {
			isa = XCSwiftPackageProductDependency;
			package = 4FF150A0285876770078C78C /* XCRemoteSwiftPackageReference "GoogleMaps-SP" */;
			productName = GoogleMapsCore;
		};
		4FF150A7285876770078C78C /* GoogleMapsM4B */ = {
			isa = XCSwiftPackageProductDependency;
			package = 4FF150A0285876770078C78C /* XCRemoteSwiftPackageReference "GoogleMaps-SP" */;
			productName = GoogleMapsM4B;
		};
		4FF150A9285876770078C78C /* GooglePlaces */ = {
			isa = XCSwiftPackageProductDependency;
			package = 4FF150A0285876770078C78C /* XCRemoteSwiftPackageReference "GoogleMaps-SP" */;
			productName = GooglePlaces;
		};
/* End XCSwiftPackageProductDependency section */

/* Begin XCVersionGroup section */
		4FAEF1492846150B000B9A80 /* Driver.xcdatamodeld */ = {
			isa = XCVersionGroup;
			children = (
				4FAEF14A2846150B000B9A80 /* Driver.xcdatamodel */,
			);
			currentVersion = 4FAEF14A2846150B000B9A80 /* Driver.xcdatamodel */;
			path = Driver.xcdatamodeld;
			sourceTree = "<group>";
			versionGroupType = wrapper.xcdatamodel;
		};
/* End XCVersionGroup section */
	};
	rootObject = 4FAEF1352846150B000B9A80 /* Project object */;
}
